// !$*UTF8*$!
{
	archiveVersion = 1;
	classes = {
	};
	objectVersion = 46;
	objects = {

/* Begin PBXBuildFile section */
		71BF975319EE147E00650D8F /* main.m in Sources */ = {isa = PBXBuildFile; fileRef = 71BF975219EE147E00650D8F /* main.m */; };
		71BF975619EE147E00650D8F /* AppDelegate.m in Sources */ = {isa = PBXBuildFile; fileRef = 71BF975519EE147E00650D8F /* AppDelegate.m */; };
		71BF975919EE147E00650D8F /* ViewController.m in Sources */ = {isa = PBXBuildFile; fileRef = 71BF975819EE147E00650D8F /* ViewController.m */; };
		71BF975C19EE147E00650D8F /* Main.storyboard in Resources */ = {isa = PBXBuildFile; fileRef = 71BF975A19EE147E00650D8F /* Main.storyboard */; };
		71BF975E19EE147E00650D8F /* Images.xcassets in Resources */ = {isa = PBXBuildFile; fileRef = 71BF975D19EE147E00650D8F /* Images.xcassets */; };
		71BF976D19EE147E00650D8F /* DelegationTests.m in Sources */ = {isa = PBXBuildFile; fileRef = 71BF976C19EE147E00650D8F /* DelegationTests.m */; };
		71BF977819EE15D100650D8F /* DrawerView.m in Sources */ = {isa = PBXBuildFile; fileRef = 71BF977719EE15D100650D8F /* DrawerView.m */; };
/* End PBXBuildFile section */

/* Begin PBXContainerItemProxy section */
		71BF976719EE147E00650D8F /* PBXContainerItemProxy */ = {
			isa = PBXContainerItemProxy;
			containerPortal = 71BF974519EE147E00650D8F /* Project object */;
			proxyType = 1;
			remoteGlobalIDString = 71BF974C19EE147E00650D8F;
			remoteInfo = Delegation;
		};
/* End PBXContainerItemProxy section */

/* Begin PBXFileReference section */
		71BF974D19EE147E00650D8F /* Delegation.app */ = {isa = PBXFileReference; explicitFileType = wrapper.application; includeInIndex = 0; path = Delegation.app; sourceTree = BUILT_PRODUCTS_DIR; };
		71BF975119EE147E00650D8F /* Info.plist */ = {isa = PBXFileReference; lastKnownFileType = text.plist.xml; path = Info.plist; sourceTree = "<group>"; };
		71BF975219EE147E00650D8F /* main.m */ = {isa = PBXFileReference; lastKnownFileType = sourcecode.c.objc; path = main.m; sourceTree = "<group>"; };
		71BF975419EE147E00650D8F /* AppDelegate.h */ = {isa = PBXFileReference; lastKnownFileType = sourcecode.c.h; path = AppDelegate.h; sourceTree = "<group>"; };
		71BF975519EE147E00650D8F /* AppDelegate.m */ = {isa = PBXFileReference; lastKnownFileType = sourcecode.c.objc; path = AppDelegate.m; sourceTree = "<group>"; };
		71BF975719EE147E00650D8F /* ViewController.h */ = {isa = PBXFileReference; lastKnownFileType = sourcecode.c.h; path = ViewController.h; sourceTree = "<group>"; };
		71BF975819EE147E00650D8F /* ViewController.m */ = {isa = PBXFileReference; lastKnownFileType = sourcecode.c.objc; path = ViewController.m; sourceTree = "<group>"; };
		71BF975B19EE147E00650D8F /* Base */ = {isa = PBXFileReference; lastKnownFileType = file.storyboard; name = Base; path = Base.lproj/Main.storyboard; sourceTree = "<group>"; };
		71BF975D19EE147E00650D8F /* Images.xcassets */ = {isa = PBXFileReference; lastKnownFileType = folder.assetcatalog; path = Images.xcassets; sourceTree = "<group>"; };
		71BF976619EE147E00650D8F /* DelegationTests.xctest */ = {isa = PBXFileReference; explicitFileType = wrapper.cfbundle; includeInIndex = 0; path = DelegationTests.xctest; sourceTree = BUILT_PRODUCTS_DIR; };
		71BF976B19EE147E00650D8F /* Info.plist */ = {isa = PBXFileReference; lastKnownFileType = text.plist.xml; path = Info.plist; sourceTree = "<group>"; };
		71BF976C19EE147E00650D8F /* DelegationTests.m */ = {isa = PBXFileReference; lastKnownFileType = sourcecode.c.objc; path = DelegationTests.m; sourceTree = "<group>"; };
		71BF977619EE15D100650D8F /* DrawerView.h */ = {isa = PBXFileReference; fileEncoding = 4; lastKnownFileType = sourcecode.c.h; path = DrawerView.h; sourceTree = "<group>"; };
		71BF977719EE15D100650D8F /* DrawerView.m */ = {isa = PBXFileReference; fileEncoding = 4; lastKnownFileType = sourcecode.c.objc; path = DrawerView.m; sourceTree = "<group>"; };
/* End PBXFileReference section */

/* Begin PBXFrameworksBuildPhase section */
		71BF974A19EE147E00650D8F /* Frameworks */ = {
			isa = PBXFrameworksBuildPhase;
			buildActionMask = 2147483647;
			files = (
			);
			runOnlyForDeploymentPostprocessing = 0;
		};
		71BF976319EE147E00650D8F /* Frameworks */ = {
			isa = PBXFrameworksBuildPhase;
			buildActionMask = 2147483647;
			files = (
			);
			runOnlyForDeploymentPostprocessing = 0;
		};
/* End PBXFrameworksBuildPhase section */

/* Begin PBXGroup section */
		71BF974419EE147E00650D8F = {
			isa = PBXGroup;
			children = (
				71BF974F19EE147E00650D8F /* Delegation */,
				71BF976919EE147E00650D8F /* DelegationTests */,
				71BF974E19EE147E00650D8F /* Products */,
			);
			sourceTree = "<group>";
		};
		71BF974E19EE147E00650D8F /* Products */ = {
			isa = PBXGroup;
			children = (
				71BF974D19EE147E00650D8F /* Delegation.app */,
				71BF976619EE147E00650D8F /* DelegationTests.xctest */,
			);
			name = Products;
			sourceTree = "<group>";
		};
		71BF974F19EE147E00650D8F /* Delegation */ = {
			isa = PBXGroup;
			children = (
				71BF975419EE147E00650D8F /* AppDelegate.h */,
				71BF975519EE147E00650D8F /* AppDelegate.m */,
				71BF975719EE147E00650D8F /* ViewController.h */,
				71BF975819EE147E00650D8F /* ViewController.m */,
				71BF977619EE15D100650D8F /* DrawerView.h */,
				71BF977719EE15D100650D8F /* DrawerView.m */,
				71BF975A19EE147E00650D8F /* Main.storyboard */,
				71BF975D19EE147E00650D8F /* Images.xcassets */,
				71BF975019EE147E00650D8F /* Supporting Files */,
			);
			path = Delegation;
			sourceTree = "<group>";
		};
		71BF975019EE147E00650D8F /* Supporting Files */ = {
			isa = PBXGroup;
			children = (
				71BF975119EE147E00650D8F /* Info.plist */,
				71BF975219EE147E00650D8F /* main.m */,
			);
			name = "Supporting Files";
			sourceTree = "<group>";
		};
		71BF976919EE147E00650D8F /* DelegationTests */ = {
			isa = PBXGroup;
			children = (
				71BF976C19EE147E00650D8F /* DelegationTests.m */,
				71BF976A19EE147E00650D8F /* Supporting Files */,
			);
			path = DelegationTests;
			sourceTree = "<group>";
		};
		71BF976A19EE147E00650D8F /* Supporting Files */ = {
			isa = PBXGroup;
			children = (
				71BF976B19EE147E00650D8F /* Info.plist */,
			);
			name = "Supporting Files";
			sourceTree = "<group>";
		};
/* End PBXGroup section */

/* Begin PBXNativeTarget section */
		71BF974C19EE147E00650D8F /* Delegation */ = {
			isa = PBXNativeTarget;
			buildConfigurationList = 71BF977019EE147E00650D8F /* Build configuration list for PBXNativeTarget "Delegation" */;
			buildPhases = (
				71BF974919EE147E00650D8F /* Sources */,
				71BF974A19EE147E00650D8F /* Frameworks */,
				71BF974B19EE147E00650D8F /* Resources */,
			);
			buildRules = (
			);
			dependencies = (
			);
			name = Delegation;
			productName = Delegation;
			productReference = 71BF974D19EE147E00650D8F /* Delegation.app */;
			productType = "com.apple.product-type.application";
		};
		71BF976519EE147E00650D8F /* DelegationTests */ = {
			isa = PBXNativeTarget;
			buildConfigurationList = 71BF977319EE147E00650D8F /* Build configuration list for PBXNativeTarget "DelegationTests" */;
			buildPhases = (
				71BF976219EE147E00650D8F /* Sources */,
				71BF976319EE147E00650D8F /* Frameworks */,
				71BF976419EE147E00650D8F /* Resources */,
			);
			buildRules = (
			);
			dependencies = (
				71BF976819EE147E00650D8F /* PBXTargetDependency */,
			);
			name = DelegationTests;
			productName = DelegationTests;
			productReference = 71BF976619EE147E00650D8F /* DelegationTests.xctest */;
			productType = "com.apple.product-type.bundle.unit-test";
		};
/* End PBXNativeTarget section */

/* Begin PBXProject section */
		71BF974519EE147E00650D8F /* Project object */ = {
			isa = PBXProject;
			attributes = {
				LastUpgradeCheck = 0600;
				ORGANIZATIONNAME = DevMountain;
				TargetAttributes = {
					71BF974C19EE147E00650D8F = {
						CreatedOnToolsVersion = 6.0;
					};
					71BF976519EE147E00650D8F = {
						CreatedOnToolsVersion = 6.0;
						TestTargetID = 71BF974C19EE147E00650D8F;
					};
				};
			};
			buildConfigurationList = 71BF974819EE147E00650D8F /* Build configuration list for PBXProject "Delegation" */;
			compatibilityVersion = "Xcode 3.2";
			developmentRegion = English;
			hasScannedForEncodings = 0;
			knownRegions = (
				en,
				Base,
			);
			mainGroup = 71BF974419EE147E00650D8F;
			productRefGroup = 71BF974E19EE147E00650D8F /* Products */;
			projectDirPath = "";
			projectRoot = "";
			targets = (
				71BF974C19EE147E00650D8F /* Delegation */,
				71BF976519EE147E00650D8F /* DelegationTests */,
			);
		};
/* End PBXProject section */

/* Begin PBXResourcesBuildPhase section */
		71BF974B19EE147E00650D8F /* Resources */ = {
			isa = PBXResourcesBuildPhase;
			buildActionMask = 2147483647;
			files = (
				71BF975C19EE147E00650D8F /* Main.storyboard in Resources */,
				71BF975E19EE147E00650D8F /* Images.xcassets in Resources */,
			);
			runOnlyForDeploymentPostprocessing = 0;
		};
		71BF976419EE147E00650D8F /* Resources */ = {
			isa = PBXResourcesBuildPhase;
			buildActionMask = 2147483647;
			files = (
			);
			runOnlyForDeploymentPostprocessing = 0;
		};
/* End PBXResourcesBuildPhase section */

/* Begin PBXSourcesBuildPhase section */
		71BF974919EE147E00650D8F /* Sources */ = {
			isa = PBXSourcesBuildPhase;
			buildActionMask = 2147483647;
			files = (
				71BF975919EE147E00650D8F /* ViewController.m in Sources */,
				71BF975619EE147E00650D8F /* AppDelegate.m in Sources */,
				71BF975319EE147E00650D8F /* main.m in Sources */,
				71BF977819EE15D100650D8F /* DrawerView.m in Sources */,
			);
			runOnlyForDeploymentPostprocessing = 0;
		};
		71BF976219EE147E00650D8F /* Sources */ = {
			isa = PBXSourcesBuildPhase;
			buildActionMask = 2147483647;
			files = (
				71BF976D19EE147E00650D8F /* DelegationTests.m in Sources */,
			);
			runOnlyForDeploymentPostprocessing = 0;
		};
/* End PBXSourcesBuildPhase section */

/* Begin PBXTargetDependency section */
		71BF976819EE147E00650D8F /* PBXTargetDependency */ = {
			isa = PBXTargetDependency;
			target = 71BF974C19EE147E00650D8F /* Delegation */;
			targetProxy = 71BF976719EE147E00650D8F /* PBXContainerItemProxy */;
		};
/* End PBXTargetDependency section */

/* Begin PBXVariantGroup section */
		71BF975A19EE147E00650D8F /* Main.storyboard */ = {
			isa = PBXVariantGroup;
			children = (
				71BF975B19EE147E00650D8F /* Base */,
			);
			name = Main.storyboard;
			sourceTree = "<group>";
		};
/* End PBXVariantGroup section */

/* Begin XCBuildConfiguration section */
		71BF976E19EE147E00650D8F /* Debug */ = {
			isa = XCBuildConfiguration;
			buildSettings = {
				ALWAYS_SEARCH_USER_PATHS = NO;
				CLANG_CXX_LANGUAGE_STANDARD = "gnu++0x";
				CLANG_CXX_LIBRARY = "libc++";
				CLANG_ENABLE_MODULES = YES;
				CLANG_ENABLE_OBJC_ARC = YES;
				CLANG_WARN_BOOL_CONVERSION = YES;
				CLANG_WARN_CONSTANT_CONVERSION = YES;
				CLANG_WARN_DIRECT_OBJC_ISA_USAGE = YES_ERROR;
				CLANG_WARN_EMPTY_BODY = YES;
				CLANG_WARN_ENUM_CONVERSION = YES;
				CLANG_WARN_INT_CONVERSION = YES;
				CLANG_WARN_OBJC_ROOT_CLASS = YES_ERROR;
				CLANG_WARN_UNREACHABLE_CODE = YES;
				CLANG_WARN__DUPLICATE_METHOD_MATCH = YES;
				"CODE_SIGN_IDENTITY[sdk=iphoneos*]" = "iPhone Developer";
				COPY_PHASE_STRIP = NO;
				ENABLE_STRICT_OBJC_MSGSEND = YES;
				GCC_C_LANGUAGE_STANDARD = gnu99;
				GCC_DYNAMIC_NO_PIC = NO;
				GCC_OPTIMIZATION_LEVEL = 0;
				GCC_PREPROCESSOR_DEFINITIONS = (
					"DEBUG=1",
					"$(inherited)",
				);
				GCC_SYMBOLS_PRIVATE_EXTERN = NO;
				GCC_WARN_64_TO_32_BIT_CONVERSION = YES;
				GCC_WARN_ABOUT_RETURN_TYPE = YES_ERROR;
				GCC_WARN_UNDECLARED_SELECTOR = YES;
				GCC_WARN_UNINITIALIZED_AUTOS = YES_AGGRESSIVE;
				GCC_WARN_UNUSED_FUNCTION = YES;
				GCC_WARN_UNUSED_VARIABLE = YES;
				IPHONEOS_DEPLOYMENT_TARGET = 8.0;
				MTL_ENABLE_DEBUG_INFO = YES;
				ONLY_ACTIVE_ARCH = YES;
				SDKROOT = iphoneos;
			};
			name = Debug;
		};
		71BF976F19EE147E00650D8F /* Release */ = {
			isa = XCBuildConfiguration;
			buildSettings = {
				ALWAYS_SEARCH_USER_PATHS = NO;
				CLANG_CXX_LANGUAGE_STANDARD = "gnu++0x";
				CLANG_CXX_LIBRARY = "libc++";
				CLANG_ENABLE_MODULES = YES;
				CLANG_ENABLE_OBJC_ARC = YES;
				CLANG_WARN_BOOL_CONVERSION = YES;
				CLANG_WARN_CONSTANT_CONVERSION = YES;
				CLANG_WARN_DIRECT_OBJC_ISA_USAGE = YES_ERROR;
				CLANG_WARN_EMPTY_BODY = YES;
				CLANG_WARN_ENUM_CONVERSION = YES;
				CLANG_WARN_INT_CONVERSION = YES;
				CLANG_WARN_OBJC_ROOT_CLASS = YES_ERROR;
				CLANG_WARN_UNREACHABLE_CODE = YES;
				CLANG_WARN__DUPLICATE_METHOD_MATCH = YES;
				"CODE_SIGN_IDENTITY[sdk=iphoneos*]" = "iPhone Developer";
				COPY_PHASE_STRIP = YES;
				ENABLE_NS_ASSERTIONS = NO;
				ENABLE_STRICT_OBJC_MSGSEND = YES;
				GCC_C_LANGUAGE_STANDARD = gnu99;
				GCC_WARN_64_TO_32_BIT_CONVERSION = YES;
				GCC_WARN_ABOUT_RETURN_TYPE = YES_ERROR;
				GCC_WARN_UNDECLARED_SELECTOR = YES;
				GCC_WARN_UNINITIALIZED_AUTOS = YES_AGGRESSIVE;
				GCC_WARN_UNUSED_FUNCTION = YES;
				GCC_WARN_UNUSED_VARIABLE = YES;
				IPHONEOS_DEPLOYMENT_TARGET = 8.0;
				MTL_ENABLE_DEBUG_INFO = NO;
				SDKROOT = iphoneos;
				VALIDATE_PRODUCT = YES;
			};
			name = Release;
		};
		71BF977119EE147E00650D8F /* Debug */ = {
			isa = XCBuildConfiguration;
			buildSettings = {
				ASSETCATALOG_COMPILER_APPICON_NAME = AppIcon;
				ASSETCATALOG_COMPILER_LAUNCHIMAGE_NAME = LaunchImage;
				INFOPLIST_FILE = Delegation/Info.plist;
				LD_RUNPATH_SEARCH_PATHS = "$(inherited) @executable_path/Frameworks";
				PRODUCT_NAME = "$(TARGET_NAME)";
			};
			name = Debug;
		};
		71BF977219EE147E00650D8F /* Release */ = {
			isa = XCBuildConfiguration;
			buildSettings = {
				ASSETCATALOG_COMPILER_APPICON_NAME = AppIcon;
				ASSETCATALOG_COMPILER_LAUNCHIMAGE_NAME = LaunchImage;
				INFOPLIST_FILE = Delegation/Info.plist;
				LD_RUNPATH_SEARCH_PATHS = "$(inherited) @executable_path/Frameworks";
				PRODUCT_NAME = "$(TARGET_NAME)";
			};
			name = Release;
		};
		71BF977419EE147E00650D8F /* Debug */ = {
			isa = XCBuildConfiguration;
			buildSettings = {
				BUNDLE_LOADER = "$(TEST_HOST)";
				FRAMEWORK_SEARCH_PATHS = (
					"$(SDKROOT)/Developer/Library/Frameworks",
					"$(inherited)",
				);
				GCC_PREPROCESSOR_DEFINITIONS = (
					"DEBUG=1",
					"$(inherited)",
				);
				INFOPLIST_FILE = DelegationTests/Info.plist;
				LD_RUNPATH_SEARCH_PATHS = "$(inherited) @executable_path/Frameworks @loader_path/Frameworks";
				PRODUCT_NAME = "$(TARGET_NAME)";
				TEST_HOST = "$(BUILT_PRODUCTS_DIR)/Delegation.app/Delegation";
			};
			name = Debug;
		};
		71BF977519EE147E00650D8F /* Release */ = {
			isa = XCBuildConfiguration;
			buildSettings = {
				BUNDLE_LOADER = "$(TEST_HOST)";
				FRAMEWORK_SEARCH_PATHS = (
					"$(SDKROOT)/Developer/Library/Frameworks",
					"$(inherited)",
				);
				INFOPLIST_FILE = DelegationTests/Info.plist;
				LD_RUNPATH_SEARCH_PATHS = "$(inherited) @executable_path/Frameworks @loader_path/Frameworks";
				PRODUCT_NAME = "$(TARGET_NAME)";
				TEST_HOST = "$(BUILT_PRODUCTS_DIR)/Delegation.app/Delegation";
			};
			name = Release;
		};
/* End XCBuildConfiguration section */

/* Begin XCConfigurationList section */
		71BF974819EE147E00650D8F /* Build configuration list for PBXProject "Delegation" */ = {
			isa = XCConfigurationList;
			buildConfigurations = (
				71BF976E19EE147E00650D8F /* Debug */,
				71BF976F19EE147E00650D8F /* Release */,
			);
			defaultConfigurationIsVisible = 0;
			defaultConfigurationName = Release;
		};
		71BF977019EE147E00650D8F /* Build configuration list for PBXNativeTarget "Delegation" */ = {
			isa = XCConfigurationList;
			buildConfigurations = (
				71BF977119EE147E00650D8F /* Debug */,
				71BF977219EE147E00650D8F /* Release */,
			);
			defaultConfigurationIsVisible = 0;
		};
		71BF977319EE147E00650D8F /* Build configuration list for PBXNativeTarget "DelegationTests" */ = {
			isa = XCConfigurationList;
			buildConfigurations = (
				71BF977419EE147E00650D8F /* Debug */,
				71BF977519EE147E00650D8F /* Release */,
			);
			defaultConfigurationIsVisible = 0;
		};
/* End XCConfigurationList section */
	};
	rootObject = 71BF974519EE147E00650D8F /* Project object */;
}
